
Microsoft Visual Studio Solution File, Format Version 12.00
# Visual Studio Version 17
VisualStudioVersion = 17.14.36401.2 d17.14
MinimumVisualStudioVersion = 10.0.40219.1
Project("{FAE04EC0-301F-11D3-BF4B-00C04F79EFBC}") = "Payment Failure Dashboard", "Payment Failure Dashboard\Payment Failure Dashboard.csproj", "{86DE7CE1-8ED6-4B00-8CC7-262D4CC5145B}"
EndProject
Global
	GlobalSection(SolutionConfigurationPlatforms) = preSolution
		Debug|Any CPU = Debug|Any CPU
		Release|Any CPU = Release|Any CPU
	EndGlobalSection
	GlobalSection(ProjectConfigurationPlatforms) = postSolution
		{86DE7CE1-8ED6-4B00-8CC7-262D4CC5145B}.Debug|Any CPU.ActiveCfg = Debug|Any CPU
		{86DE7CE1-8ED6-4B00-8CC7-262D4CC5145B}.Debug|Any CPU.Build.0 = Debug|Any CPU
		{86DE7CE1-8ED6-4B00-8CC7-262D4CC5145B}.Release|Any CPU.ActiveCfg = Release|Any CPU
		{86DE7CE1-8ED6-4B00-8CC7-262D4CC5145B}.Release|Any CPU.Build.0 = Release|Any CPU
	EndGlobalSection
	GlobalSection(SolutionProperties) = preSolution
		HideSolutionNode = FALSE
	EndGlobalSection
	GlobalSection(ExtensibilityGlobals) = postSolution
		SolutionGuid = {4A2FB4DE-F953-4852-A872-A9F96BB04335}
	EndGlobalSection
EndGlobal
